{
  "name": "@projectpdfs/app",
  "version": "0.0.0",
  "lockfileVersion": 3,
  "requires": true,
  "packages": {
    "": {
      "name": "@projectpdfs/app",
      "version": "0.0.0",
      "dependencies": {
        "@huggingface/transformers": "^3.0.0",
        "@pdf-lib/fontkit": "^1.1.1",
        "@tauri-apps/api": "^2",
        "fast-xml-parser": "^5.10.1",
        "fflate": "^0.8.3",
        "pdf-lib": "^1.17.1",
        "pdfjs-dist": "^4.7.76",
        "react": "^18.3.1",
        "react-dom": "^18.3.1",
        "regenerator-runtime": "^0.14.1",
        "tesseract.js": "^5.1.1"
      },
      "devDependencies": {
        "@tauri-apps/cli": "^2",
        "@types/react": "^18.3.3",
        "@types/react-dom": "^18.3.0",
        "@vitejs/plugin-react": "^4.3.1",
        "typescript": "^5.6.0",
        "vite": "^5.4.0"
      }
    },
    "../../node_modules/.pnpm/@huggingface+transformers@3.8.1/node_modules/@huggingface/transformers": {
      "version": "3.8.1",
      "license": "Apache-2.0",
      "dependencies": {
        "@huggingface/jinja": "^0.5.3",
        "onnxruntime-node": "1.21.0",
        "onnxruntime-web": "1.22.0-dev.20250409-89f8206ba4",
        "sharp": "^0.34.1"
      },
      "devDependencies": {
        "@types/jest": "^29.5.14",
        "@types/node": "^22.10.1",
        "@webgpu/types": "^0.1.51",
        "catharsis": "github:xenova/catharsis",
        "jest": "^30.0.0-alpha.6",
        "jest-environment-node": "^30.0.0-alpha.6",
        "jsdoc-to-markdown": "^9.1.1",
        "prettier": "3.4.2",
        "typescript": "^5.8.2",
        "wavefile": "11.0.0",
        "webpack": "^5.97.1",
        "webpack-cli": "^5.1.4",
        "webpack-dev-server": "^5.1.0"
      }
    },
    "../../node_modules/.pnpm/@tauri-apps+api@2.11.1/node_modules/@tauri-apps/api": {
      "version": "2.11.1",
      "license": "Apache-2.0 OR MIT",
      "devDependencies": {
        "@eslint/js": "^10.0.1",
        "@rollup/plugin-terser": "1.0.0",
        "@rollup/plugin-typescript": "12.3.0",
        "@types/eslint": "^9.6.1",
        "@types/node": "^24.11.0",
        "eslint": "^10.0.2",
        "eslint-config-prettier": "10.1.8",
        "eslint-plugin-security": "4.0.1",
        "fast-glob": "3.3.3",
        "globals": "^17.4.0",
        "rollup": "4.61.1",
        "tslib": "^2.8.1",
        "typescript": "^6.0.0",
        "typescript-eslint": "^8.58.2"
      },
      "funding": {
        "type": "opencollective",
        "url": "https://opencollective.com/tauri"
      }
    },
    "../../node_modules/.pnpm/@tauri-apps+cli@2.11.4/node_modules/@tauri-apps/cli": {
      "version": "2.11.4",
      "dev": true,
      "license": "Apache-2.0 OR MIT",
      "bin": {
        "tauri": "tauri.js"
      },
      "devDependencies": {
        "@napi-rs/cli": "3.4.1",
        "@types/node": "^24.11.0",
        "cross-env": "10.1.0",
        "vitest": "^4.0.18"
      },
      "engines": {
        "node": ">= 10"
      },
      "funding": {
        "type": "opencollective",
        "url": "https://opencollective.com/tauri"
      },
      "optionalDependencies": {
        "@tauri-apps/cli-darwin-arm64": "2.11.4",
        "@tauri-apps/cli-darwin-x64": "2.11.4",
        "@tauri-apps/cli-linux-arm-gnueabihf": "2.11.4",
        "@tauri-apps/cli-linux-arm64-gnu": "2.11.4",
        "@tauri-apps/cli-linux-arm64-musl": "2.11.4",
        "@tauri-apps/cli-linux-riscv64-gnu": "2.11.4",
        "@tauri-apps/cli-linux-x64-gnu": "2.11.4",
        "@tauri-apps/cli-linux-x64-musl": "2.11.4",
        "@tauri-apps/cli-win32-arm64-msvc": "2.11.4",
        "@tauri-apps/cli-win32-ia32-msvc": "2.11.4",
        "@tauri-apps/cli-win32-x64-msvc": "2.11.4"
      }
    },
    "../../node_modules/.pnpm/@types+react-dom@18.3.7_@types+react@18.3.31/node_modules/@types/react-dom": {
      "version": "18.3.7",
      "dev": true,
      "license": "MIT",
      "peerDependencies": {
        "@types/react": "^18.0.0"
      }
    },
    "../../node_modules/.pnpm/@types+react@18.3.31/node_modules/@types/react": {
      "version": "18.3.31",
      "dev": true,
      "license": "MIT",
      "dependencies": {
        "@types/prop-types": "*",
        "csstype": "^3.2.2"
      }
    },
    "../../node_modules/.pnpm/@vitejs+plugin-react@4.7.0_vite@5.4.21_@types+node@22.20.1_/node_modules/@vitejs/plugin-react": {
      "version": "4.7.0",
      "dev": true,
      "license": "MIT",
      "dependencies": {
        "@babel/core": "^7.28.0",
        "@babel/plugin-transform-react-jsx-self": "^7.27.1",
        "@babel/plugin-transform-react-jsx-source": "^7.27.1",
        "@rolldown/pluginutils": "1.0.0-beta.27",
        "@types/babel__core": "^7.20.5",
        "react-refresh": "^0.17.0"
      },
      "devDependencies": {
        "@vitejs/react-common": "workspace:*",
        "babel-plugin-react-compiler": "19.1.0-rc.2",
        "react": "^19.1.0",
        "react-dom": "^19.1.0",
        "rolldown": "1.0.0-beta.27",
        "tsdown": "^0.12.9",
        "vitest": "^3.2.4"
      },
      "engines": {
        "node": "^14.18.0 || >=16.0.0"
      },
      "peerDependencies": {
        "vite": "^4.2.0 || ^5.0.0 || ^6.0.0 || ^7.0.0"
      }
    },
    "../../node_modules/.pnpm/fast-xml-parser@5.10.1/node_modules/fast-xml-parser": {
      "version": "5.10.1",
      "funding": [
        {
          "type": "github",
          "url": "https://github.com/sponsors/NaturalIntelligence"
        }
      ],
      "license": "MIT",
      "dependencies": {
        "@nodable/entities": "^3.0.0",
        "fast-xml-builder": "^1.2.0",
        "is-unsafe": "^2.0.0",
        "path-expression-matcher": "^1.6.2",
        "strnum": "^2.4.1",
        "xml-naming": "^0.3.0"
      },
      "bin": {
        "fxparser": "src/cli/cli.js"
      },
      "devDependencies": {
        "@babel/core": "^7.13.10",
        "@babel/plugin-transform-runtime": "^7.13.10",
        "@babel/preset-env": "^7.13.10",
        "@babel/register": "^7.13.8",
        "@byspec/xml": "^0.1.0",
        "@types/node": "20",
        "babel-loader": "^8.2.2",
        "c8": "^10.1.3",
        "eslint": "^8.3.0",
        "jasmine": "^5.6.0",
        "prettier": "^3.5.1",
        "typescript": "5",
        "webpack": "^5.64.4",
        "webpack-cli": "^4.9.1"
      }
    },
    "../../node_modules/.pnpm/fflate@0.8.3/node_modules/fflate": {
      "version": "0.8.3",
      "license": "MIT",
      "devDependencies": {
        "@parcel/service-worker": "^2.9.3",
        "@types/node": "^25.8.0",
        "@types/pako": "*",
        "@types/react": "^18.2.21",
        "@types/react-dom": "^18.2.7",
        "jszip": "^3.10.1",
        "pako": "*",
        "parcel": "^2.9.3",
        "preact": "^10.17.1",
        "react": "^18.2.0",
        "react-dom": "^18.2.0",
        "simple-git": "^3.19.1",
        "terser": "^5.47.1",
        "tiny-inflate": "*",
        "ts-node": "^10.9.2",
        "typedoc": "^0.28.19",
        "typedoc-plugin-markdown": "^4.11.0",
        "typescript": "^6.0.3",
        "uvu": "^0.5.6",
        "uzip": "*"
      }
    },
    "../../node_modules/.pnpm/pdf-lib@1.17.1/node_modules/pdf-lib": {
      "version": "1.17.1",
      "license": "MIT",
      "dependencies": {
        "@pdf-lib/standard-fonts": "^1.0.0",
        "@pdf-lib/upng": "^1.0.1",
        "pako": "^1.0.11",
        "tslib": "^1.11.1"
      },
      "devDependencies": {
        "@pdf-lib/fontkit": "^1.1.0",
        "@rollup/plugin-commonjs": "^13.0.0",
        "@rollup/plugin-json": "^4.1.0",
        "@rollup/plugin-node-resolve": "^8.0.1",
        "@types/jest": "^26.0.0",
        "@types/node-fetch": "^2.5.7",
        "@types/pako": "^1.0.1",
        "@zerollup/ts-transform-paths": "^1.7.18",
        "downlevel-dts": "^0.5.0",
        "flamebearer": "^1.1.3",
        "http-server": "^0.12.3",
        "jest": "^26.0.1",
        "node-fetch": "^2.6.0",
        "prettier": "^2.0.5",
        "rimraf": "^3.0.2",
        "rollup": "^2.17.1",
        "rollup-plugin-terser": "^6.1.0",
        "ts-jest": "^26.1.0",
        "tslint": "^6.1.2",
        "tslint-config-prettier": "^1.18.0",
        "ttypescript": "^1.5.10",
        "typescript": "^3.9.5"
      }
    },
    "../../node_modules/.pnpm/pdfjs-dist@4.10.38/node_modules/pdfjs-dist": {
      "version": "4.10.38",
      "license": "Apache-2.0",
      "engines": {
        "node": ">=20"
      },
      "optionalDependencies": {
        "@napi-rs/canvas": "^0.1.65"
      }
    },
    "../../node_modules/.pnpm/react-dom@18.3.1_react@18.3.1/node_modules/react-dom": {
      "version": "18.3.1",
      "license": "MIT",
      "dependencies": {
        "loose-envify": "^1.1.0",
        "scheduler": "^0.23.2"
      },
      "peerDependencies": {
        "react": "^18.3.1"
      }
    },
    "../../node_modules/.pnpm/react@18.3.1/node_modules/react": {
      "version": "18.3.1",
      "license": "MIT",
      "dependencies": {
        "loose-envify": "^1.1.0"
      },
      "engines": {
        "node": ">=0.10.0"
      }
    },
    "../../node_modules/.pnpm/tesseract.js@5.1.1/node_modules/tesseract.js": {
      "version": "5.1.1",
      "hasInstallScript": true,
      "license": "Apache-2.0",
      "dependencies": {
        "bmp-js": "^0.1.0",
        "idb-keyval": "^6.2.0",
        "is-electron": "^2.2.2",
        "is-url": "^1.2.4",
        "node-fetch": "^2.6.9",
        "opencollective-postinstall": "^2.0.3",
        "regenerator-runtime": "^0.13.3",
        "tesseract.js-core": "^5.1.1",
        "wasm-feature-detect": "^1.2.11",
        "zlibjs": "^0.3.1"
      },
      "devDependencies": {
        "@babel/core": "^7.21.4",
        "@babel/eslint-parser": "^7.21.3",
        "@babel/preset-env": "^7.21.4",
        "@rollup/plugin-commonjs": "^24.1.0",
        "acorn": "^8.8.2",
        "babel-loader": "^9.1.2",
        "buffer": "^6.0.3",
        "cors": "^2.8.5",
        "eslint": "^7.32.0",
        "eslint-config-airbnb-base": "^14.2.1",
        "eslint-plugin-import": "^2.27.5",
        "expect.js": "^0.3.1",
        "express": "^4.18.2",
        "mocha": "^10.2.0",
        "mocha-headless-chrome": "^4.0.0",
        "npm-run-all": "^4.1.5",
        "nyc": "^15.1.0",
        "rimraf": "^5.0.0",
        "rollup": "^3.20.7",
        "rollup-plugin-sourcemaps": "^0.6.3",
        "wait-on": "^7.0.1",
        "webpack": "^5.79.0",
        "webpack-bundle-analyzer": "^4.8.0",
        "webpack-cli": "^5.0.1",
        "webpack-dev-middleware": "^6.0.2"
      }
    },
    "../../node_modules/.pnpm/typescript@5.9.3/node_modules/typescript": {
      "version": "5.9.3",
      "dev": true,
      "license": "Apache-2.0",
      "bin": {
        "tsc": "bin/tsc",
        "tsserver": "bin/tsserver"
      },
      "devDependencies": {
        "@dprint/formatter": "^0.4.1",
        "@dprint/typescript": "0.93.4",
        "@esfx/canceltoken": "^1.0.0",
        "@eslint/js": "^9.20.0",
        "@octokit/rest": "^21.1.1",
        "@types/chai": "^4.3.20",
        "@types/diff": "^7.0.1",
        "@types/minimist": "^1.2.5",
        "@types/mocha": "^10.0.10",
        "@types/ms": "^0.7.34",
        "@types/node": "latest",
        "@types/source-map-support": "^0.5.10",
        "@types/which": "^3.0.4",
        "@typescript-eslint/rule-tester": "^8.24.1",
        "@typescript-eslint/type-utils": "^8.24.1",
        "@typescript-eslint/utils": "^8.24.1",
        "azure-devops-node-api": "^14.1.0",
        "c8": "^10.1.3",
        "chai": "^4.5.0",
        "chokidar": "^4.0.3",
        "diff": "^7.0.0",
        "dprint": "^0.49.0",
        "esbuild": "^0.25.0",
        "eslint": "^9.20.1",
        "eslint-formatter-autolinkable-stylish": "^1.4.0",
        "eslint-plugin-regexp": "^2.7.0",
        "fast-xml-parser": "^4.5.2",
        "glob": "^10.4.5",
        "globals": "^15.15.0",
        "hereby": "^1.10.0",
        "jsonc-parser": "^3.3.1",
        "knip": "^5.44.4",
        "minimist": "^1.2.8",
        "mocha": "^10.8.2",
        "mocha-fivemat-progress-reporter": "^0.1.0",
        "monocart-coverage-reports": "^2.12.1",
        "ms": "^2.1.3",
        "picocolors": "^1.1.1",
        "playwright": "^1.50.1",
        "source-map-support": "^0.5.21",
        "tslib": "^2.8.1",
        "typescript": "^5.7.3",
        "typescript-eslint": "^8.24.1",
        "which": "^3.0.1"
      },
      "engines": {
        "node": ">=14.17"
      }
    },
    "../../node_modules/.pnpm/vite@5.4.21_@types+node@22.20.1/node_modules/vite": {
      "version": "5.4.21",
      "dev": true,
      "license": "MIT",
      "dependencies": {
        "esbuild": "^0.21.3",
        "postcss": "^8.4.43",
        "rollup": "^4.20.0"
      },
      "bin": {
        "vite": "bin/vite.js"
      },
      "devDependencies": {
        "@ampproject/remapping": "^2.3.0",
        "@babel/parser": "^7.25.6",
        "@jridgewell/trace-mapping": "^0.3.25",
        "@polka/compression": "^1.0.0-next.25",
        "@rollup/plugin-alias": "^5.1.0",
        "@rollup/plugin-commonjs": "^26.0.1",
        "@rollup/plugin-dynamic-import-vars": "^2.1.2",
        "@rollup/plugin-json": "^6.1.0",
        "@rollup/plugin-node-resolve": "15.2.3",
        "@rollup/pluginutils": "^5.1.0",
        "@types/escape-html": "^1.0.4",
        "@types/pnpapi": "^0.0.5",
        "artichokie": "^0.2.1",
        "cac": "^6.7.14",
        "chokidar": "^3.6.0",
        "connect": "^3.7.0",
        "convert-source-map": "^2.0.0",
        "cors": "^2.8.5",
        "cross-spawn": "^7.0.3",
        "debug": "^4.3.6",
        "dep-types": "link:./src/types",
        "dotenv": "^16.4.5",
        "dotenv-expand": "^11.0.6",
        "es-module-lexer": "^1.5.4",
        "escape-html": "^1.0.3",
        "estree-walker": "^3.0.3",
        "etag": "^1.8.1",
        "fast-glob": "^3.3.2",
        "http-proxy": "^1.18.1",
        "launch-editor-middleware": "^2.9.1",
        "lightningcss": "^1.26.0",
        "magic-string": "^0.30.11",
        "micromatch": "^4.0.8",
        "mlly": "^1.7.1",
        "mrmime": "^2.0.0",
        "open": "^8.4.2",
        "parse5": "^7.1.2",
        "pathe": "^1.1.2",
        "periscopic": "^4.0.2",
        "picocolors": "^1.0.1",
        "picomatch": "^2.3.1",
        "postcss-import": "^16.1.0",
        "postcss-load-config": "^4.0.2",
        "postcss-modules": "^6.0.0",
        "resolve.exports": "^2.0.2",
        "rollup-plugin-dts": "^6.1.1",
        "rollup-plugin-esbuild": "^6.1.1",
        "rollup-plugin-license": "^3.5.2",
        "sass": "^1.77.8",
        "sass-embedded": "^1.77.8",
        "sirv": "^2.0.4",
        "source-map-support": "^0.5.21",
        "strip-ansi": "^7.1.0",
        "strip-literal": "^2.1.0",
        "tsconfck": "^3.1.4",
        "tslib": "^2.7.0",
        "types": "link:./types",
        "ufo": "^1.5.4",
        "ws": "^8.18.0"
      },
      "engines": {
        "node": "^18.0.0 || >=20.0.0"
      },
      "funding": {
        "url": "https://github.com/vitejs/vite?sponsor=1"
      },
      "optionalDependencies": {
        "fsevents": "~2.3.3"
      },
      "peerDependencies": {
        "@types/node": "^18.0.0 || >=20.0.0",
        "less": "*",
        "lightningcss": "^1.21.0",
        "sass": "*",
        "sass-embedded": "*",
        "stylus": "*",
        "sugarss": "*",
        "terser": "^5.4.0"
      },
      "peerDependenciesMeta": {
        "@types/node": {
          "optional": true
        },
        "less": {
          "optional": true
        },
        "lightningcss": {
          "optional": true
        },
        "sass": {
          "optional": true
        },
        "sass-embedded": {
          "optional": true
        },
        "stylus": {
          "optional": true
        },
        "sugarss": {
          "optional": true
        },
        "terser": {
          "optional": true
        }
      }
    },
    "node_modules/@huggingface/transformers": {
      "resolved": "../../node_modules/.pnpm/@huggingface+transformers@3.8.1/node_modules/@huggingface/transformers",
      "link": true
    },
    "node_modules/@pdf-lib/fontkit": {
      "version": "1.1.1",
      "resolved": "https://registry.npmjs.org/@pdf-lib/fontkit/-/fontkit-1.1.1.tgz",
      "integrity": "sha512-KjMd7grNapIWS/Dm0gvfHEilSyAmeLvrEGVcqLGi0VYebuqqzTbgF29efCx7tvx+IEbG3zQciRSWl3GkUSvjZg==",
      "license": "MIT",
      "dependencies": {
        "pako": "^1.0.6"
      }
    },
    "node_modules/@tauri-apps/api": {
      "resolved": "../../node_modules/.pnpm/@tauri-apps+api@2.11.1/node_modules/@tauri-apps/api",
      "link": true
    },
    "node_modules/@tauri-apps/cli": {
      "resolved": "../../node_modules/.pnpm/@tauri-apps+cli@2.11.4/node_modules/@tauri-apps/cli",
      "link": true
    },
    "node_modules/@types/react": {
      "resolved": "../../node_modules/.pnpm/@types+react@18.3.31/node_modules/@types/react",
      "link": true
    },
    "node_modules/@types/react-dom": {
      "resolved": "../../node_modules/.pnpm/@types+react-dom@18.3.7_@types+react@18.3.31/node_modules/@types/react-dom",
      "link": true
    },
    "node_modules/@vitejs/plugin-react": {
      "resolved": "../../node_modules/.pnpm/@vitejs+plugin-react@4.7.0_vite@5.4.21_@types+node@22.20.1_/node_modules/@vitejs/plugin-react",
      "link": true
    },
    "node_modules/fast-xml-parser": {
      "resolved": "../../node_modules/.pnpm/fast-xml-parser@5.10.1/node_modules/fast-xml-parser",
      "link": true
    },
    "node_modules/fflate": {
      "resolved": "../../node_modules/.pnpm/fflate@0.8.3/node_modules/fflate",
      "link": true
    },
    "node_modules/pako": {
      "version": "1.0.11",
      "resolved": "https://registry.npmjs.org/pako/-/pako-1.0.11.tgz",
      "integrity": "sha512-4hLB8Py4zZce5s4yd9XzopqwVv/yGNhV1Bl8NTmCq1763HeK2+EwVTv+leGeL13Dnh2wfbqowVPXCIO0z4taYw==",
      "license": "(MIT AND Zlib)"
    },
    "node_modules/pdf-lib": {
      "resolved": "../../node_modules/.pnpm/pdf-lib@1.17.1/node_modules/pdf-lib",
      "link": true
    },
    "node_modules/pdfjs-dist": {
      "resolved": "../../node_modules/.pnpm/pdfjs-dist@4.10.38/node_modules/pdfjs-dist",
      "link": true
    },
    "node_modules/react": {
      "resolved": "../../node_modules/.pnpm/react@18.3.1/node_modules/react",
      "link": true
    },
    "node_modules/react-dom": {
      "resolved": "../../node_modules/.pnpm/react-dom@18.3.1_react@18.3.1/node_modules/react-dom",
      "link": true
    },
    "node_modules/regenerator-runtime": {
      "version": "0.14.1",
      "resolved": "https://registry.npmjs.org/regenerator-runtime/-/regenerator-runtime-0.14.1.tgz",
      "integrity": "sha512-dYnhHh0nJoMfnkZs6GmmhFknAGRrLznOu5nc9ML+EJxGvrx6H7teuevqVqCuPcPK//3eDrrjQhehXVx9cnkGdw==",
      "license": "MIT"
    },
    "node_modules/tesseract.js": {
      "resolved": "../../node_modules/.pnpm/tesseract.js@5.1.1/node_modules/tesseract.js",
      "link": true
    },
    "node_modules/typescript": {
      "resolved": "../../node_modules/.pnpm/typescript@5.9.3/node_modules/typescript",
      "link": true
    },
    "node_modules/vite": {
      "resolved": "../../node_modules/.pnpm/vite@5.4.21_@types+node@22.20.1/node_modules/vite",
      "link": true
    }
  }
}
